
Microsoft Visual Studio Solution File, Format Version 12.00
# Visual Studio 14
VisualStudioVersion = 14.0.23107.0
MinimumVisualStudioVersion = 10.0.40219.1
Project("{FAE04EC0-301F-11D3-BF4B-00C04F79EFBC}") = "WitAdminTool2015", "WitAdminTool-2015\WitAdminTool2015.csproj", "{6593B9A6-74D8-4412-9EC6-DA3FED744319}"
EndProject
Global
	GlobalSection(SolutionConfigurationPlatforms) = preSolution
		Debug|Any CPU = Debug|Any CPU
		Debug|x86 = Debug|x86
		Release|Any CPU = Release|Any CPU
		Release|x86 = Release|x86
	EndGlobalSection
	GlobalSection(ProjectConfigurationPlatforms) = postSolution
		{6593B9A6-74D8-4412-9EC6-DA3FED744319}.Debug|Any CPU.ActiveCfg = Debug|Any CPU
		{6593B9A6-74D8-4412-9EC6-DA3FED744319}.Debug|Any CPU.Build.0 = Debug|Any CPU
		{6593B9A6-74D8-4412-9EC6-DA3FED744319}.Debug|x86.ActiveCfg = Debug|x86
		{6593B9A6-74D8-4412-9EC6-DA3FED744319}.Debug|x86.Build.0 = Debug|x86
		{6593B9A6-74D8-4412-9EC6-DA3FED744319}.Release|Any CPU.ActiveCfg = Release|Any CPU
		{6593B9A6-74D8-4412-9EC6-DA3FED744319}.Release|Any CPU.Build.0 = Release|Any CPU
		{6593B9A6-74D8-4412-9EC6-DA3FED744319}.Release|x86.ActiveCfg = Release|x86
		{6593B9A6-74D8-4412-9EC6-DA3FED744319}.Release|x86.Build.0 = Release|x86
	EndGlobalSection
	GlobalSection(SolutionProperties) = preSolution
		HideSolutionNode = FALSE
	EndGlobalSection
	GlobalSection(TeamFoundationVersionControl) = preSolution
		SccNumberOfProjects = 1
		SccEnterpriseProvider = {4CA58AB2-18FA-4F8D-95D4-32DDF27D184C}
		SccTeamFoundationServer = https://tfs.codeplex.com/tfs/tfs33
		SccProjectUniqueName0 = WitAdminTool-2015\\WitAdminTool2015.csproj
		SccProjectName0 = WitAdminTool-2015
		SccAuxPath0 = https://tfs.codeplex.com/tfs/tfs33
		SccLocalPath0 = WitAdminTool-2015
		SccProvider0 = {4CA58AB2-18FA-4F8D-95D4-32DDF27D184C}
	EndGlobalSection
EndGlobal
